
Microsoft Visual Studio Solution File, Format Version 12.00
# Visual Studio 15
Project("{FAE04EC0-301F-11D3-BF4B-00C04F79EFBC}") = "MacXAFIOS.iOS", "MacXAFIOS.iOS\MacXAFIOS.iOS.csproj", "{09D56CDE-0CDA-4F9D-8FEC-80745971D662}"
EndProject
Project("{FAE04EC0-301F-11D3-BF4B-00C04F79EFBC}") = "MacXAFIOS", "MacXAFIOS\MacXAFIOS.csproj", "{6DABABDA-6B04-47FD-B234-D41D0C36B485}"
EndProject
Project("{FAE04EC0-301F-11D3-BF4B-00C04F79EFBC}") = "NUnitTest", "NUnitTest\NUnitTest.csproj", "{71209394-D746-42AF-B507-5BB613B886D3}"
EndProject
Global
	GlobalSection(SolutionConfigurationPlatforms) = preSolution
		Debug|iPhoneSimulator = Debug|iPhoneSimulator
		Release|iPhoneSimulator = Release|iPhoneSimulator
		Debug|iPhone = Debug|iPhone
		Release|iPhone = Release|iPhone
		Debug|Any CPU = Debug|Any CPU
		Release|Any CPU = Release|Any CPU
	EndGlobalSection
	GlobalSection(ProjectConfigurationPlatforms) = postSolution
		{09D56CDE-0CDA-4F9D-8FEC-80745971D662}.Debug|iPhoneSimulator.ActiveCfg = Debug|iPhoneSimulator
		{09D56CDE-0CDA-4F9D-8FEC-80745971D662}.Debug|iPhoneSimulator.Build.0 = Debug|iPhoneSimulator
		{09D56CDE-0CDA-4F9D-8FEC-80745971D662}.Release|iPhoneSimulator.ActiveCfg = Release|iPhoneSimulator
		{09D56CDE-0CDA-4F9D-8FEC-80745971D662}.Release|iPhoneSimulator.Build.0 = Release|iPhoneSimulator
		{09D56CDE-0CDA-4F9D-8FEC-80745971D662}.Debug|iPhone.ActiveCfg = Debug|iPhone
		{09D56CDE-0CDA-4F9D-8FEC-80745971D662}.Debug|iPhone.Build.0 = Debug|iPhone
		{09D56CDE-0CDA-4F9D-8FEC-80745971D662}.Release|iPhone.ActiveCfg = Release|iPhone
		{09D56CDE-0CDA-4F9D-8FEC-80745971D662}.Release|iPhone.Build.0 = Release|iPhone
		{09D56CDE-0CDA-4F9D-8FEC-80745971D662}.Debug|Any CPU.ActiveCfg = Debug|iPhoneSimulator
		{09D56CDE-0CDA-4F9D-8FEC-80745971D662}.Debug|Any CPU.Build.0 = Debug|iPhoneSimulator
		{09D56CDE-0CDA-4F9D-8FEC-80745971D662}.Release|Any CPU.ActiveCfg = Release|iPhoneSimulator
		{09D56CDE-0CDA-4F9D-8FEC-80745971D662}.Release|Any CPU.Build.0 = Release|iPhoneSimulator
		{6DABABDA-6B04-47FD-B234-D41D0C36B485}.Debug|iPhoneSimulator.ActiveCfg = Debug|Any CPU
		{6DABABDA-6B04-47FD-B234-D41D0C36B485}.Debug|iPhoneSimulator.Build.0 = Debug|Any CPU
		{6DABABDA-6B04-47FD-B234-D41D0C36B485}.Release|iPhoneSimulator.ActiveCfg = Release|Any CPU
		{6DABABDA-6B04-47FD-B234-D41D0C36B485}.Release|iPhoneSimulator.Build.0 = Release|Any CPU
		{6DABABDA-6B04-47FD-B234-D41D0C36B485}.Debug|iPhone.ActiveCfg = Debug|Any CPU
		{6DABABDA-6B04-47FD-B234-D41D0C36B485}.Debug|iPhone.Build.0 = Debug|Any CPU
		{6DABABDA-6B04-47FD-B234-D41D0C36B485}.Release|iPhone.ActiveCfg = Release|Any CPU
		{6DABABDA-6B04-47FD-B234-D41D0C36B485}.Release|iPhone.Build.0 = Release|Any CPU
		{6DABABDA-6B04-47FD-B234-D41D0C36B485}.Debug|Any CPU.ActiveCfg = Debug|Any CPU
		{6DABABDA-6B04-47FD-B234-D41D0C36B485}.Debug|Any CPU.Build.0 = Debug|Any CPU
		{6DABABDA-6B04-47FD-B234-D41D0C36B485}.Release|Any CPU.ActiveCfg = Release|Any CPU
		{6DABABDA-6B04-47FD-B234-D41D0C36B485}.Release|Any CPU.Build.0 = Release|Any CPU
		{71209394-D746-42AF-B507-5BB613B886D3}.Debug|iPhoneSimulator.ActiveCfg = Debug|Any CPU
		{71209394-D746-42AF-B507-5BB613B886D3}.Debug|iPhoneSimulator.Build.0 = Debug|Any CPU
		{71209394-D746-42AF-B507-5BB613B886D3}.Release|iPhoneSimulator.ActiveCfg = Release|Any CPU
		{71209394-D746-42AF-B507-5BB613B886D3}.Release|iPhoneSimulator.Build.0 = Release|Any CPU
		{71209394-D746-42AF-B507-5BB613B886D3}.Debug|iPhone.ActiveCfg = Debug|Any CPU
		{71209394-D746-42AF-B507-5BB613B886D3}.Debug|iPhone.Build.0 = Debug|Any CPU
		{71209394-D746-42AF-B507-5BB613B886D3}.Release|iPhone.ActiveCfg = Release|Any CPU
		{71209394-D746-42AF-B507-5BB613B886D3}.Release|iPhone.Build.0 = Release|Any CPU
		{71209394-D746-42AF-B507-5BB613B886D3}.Debug|Any CPU.ActiveCfg = Debug|Any CPU
		{71209394-D746-42AF-B507-5BB613B886D3}.Debug|Any CPU.Build.0 = Debug|Any CPU
		{71209394-D746-42AF-B507-5BB613B886D3}.Release|Any CPU.ActiveCfg = Release|Any CPU
		{71209394-D746-42AF-B507-5BB613B886D3}.Release|Any CPU.Build.0 = Release|Any CPU
	EndGlobalSection
EndGlobal
